
Microsoft Visual Studio Solution File, Format Version 12.00
# Visual Studio Version 17
VisualStudioVersion = 17.7.34221.43
MinimumVisualStudioVersion = 10.0.40219.1
Project("{8BC9CEB8-8B4A-11D0-8D11-00A0C91BC942}") = "UAS", "UAS\UAS.vcxproj", "{450353A9-BC40-4973-ADD0-DB239449EE31}"
EndProject
Global
	GlobalSection(SolutionConfigurationPlatforms) = preSolution
		Debug|x64 = Debug|x64
		Debug|x86 = Debug|x86
		Release|x64 = Release|x64
		Release|x86 = Release|x86
	EndGlobalSection
	GlobalSection(ProjectConfigurationPlatforms) = postSolution
		{450353A9-BC40-4973-ADD0-DB239449EE31}.Debug|x64.ActiveCfg = Debug|x64
		{450353A9-BC40-4973-ADD0-DB239449EE31}.Debug|x64.Build.0 = Debug|x64
		{450353A9-BC40-4973-ADD0-DB239449EE31}.Debug|x86.ActiveCfg = Debug|Win32
		{450353A9-BC40-4973-ADD0-DB239449EE31}.Debug|x86.Build.0 = Debug|Win32
		{450353A9-BC40-4973-ADD0-DB239449EE31}.Release|x64.ActiveCfg = Release|x64
		{450353A9-BC40-4973-ADD0-DB239449EE31}.Release|x64.Build.0 = Release|x64
		{450353A9-BC40-4973-ADD0-DB239449EE31}.Release|x86.ActiveCfg = Release|Win32
		{450353A9-BC40-4973-ADD0-DB239449EE31}.Release|x86.Build.0 = Release|Win32
	EndGlobalSection
	GlobalSection(SolutionProperties) = preSolution
		HideSolutionNode = FALSE
	EndGlobalSection
	GlobalSection(ExtensibilityGlobals) = postSolution
		SolutionGuid = {127D5FF8-B106-4570-8689-0C248D69A264}
	EndGlobalSection
EndGlobal
